{
    "_meta": {
        "hash": {
            "sha256": "70188301f6e83a580631086587f8e076f4f0104fa391159a986601715cf892e0"
        },
        "requires": {},
        "sources": [
            {
                "url": "https://pypi.python.org/simple",
                "verify_ssl": true
            }
        ]
    },
    "default": {
        "bcrypt": {
            "version": "==1.0.2"
        },
        "beautifulsoup4": {
            "version": "==4.3.2"
        },
        "certifi": {
            "version": "==2017.7.27.1"
        },
        "cffi": {
            "version": "==1.11.0"
        },
        "chardet": {
            "version": "==3.0.4"
        },
        "click": {
            "version": "==3.3"
        },
        "dulwich": {
            "version": "==0.18.2"
        },
        "elasticsearch": {
            "version": "==5.4.0"
        },
        "flask": {
            "version": "==0.12.2"
        },
        "flask-assets": {
            "version": "==0.12"
        },
        "flask-cache": {
            "version": "==0.13.1"
        },
        "flask-elastic": {
            "version": "==0.2"
        },
        "flask-login": {
            "version": "==0.3.2"
        },
        "flask-oauthlib": {
            "version": "==0.9.4"
        },
        "flask-sqlalchemy": {
            "version": "==2.1"
        },
        "flask-wtf": {
            "version": "==0.12"
        },
        "gevent": {
            "version": "==1.0.2"
        },
        "ghdiff": {
            "version": "==0.4"
        },
        "greenlet": {
            "version": "==0.4.12"
        },
        "gunicorn": "==19.3",
        "idna": {
            "version": "==2.6"
        },
        "itsdangerous": {
            "version": "==0.24"
        },
        "jinja2": {
            "version": "==2.9.6"
        },
        "ldap3": {
            "version": "==2.3"
        },
        "markdown2": {
            "version": "==2.3.1"
        },
        "markupsafe": {
            "version": "==1.0"
        },
        "oauthlib": {
            "version": "==2.0.4"
        },
        "pyasn1": {
            "version": "==0.3.5"
        },
        "pycparser": {
            "version": "==2.18"
        },
        "pyyaml": {
            "version": "==3.11"
        },
        "requests": {
            "version": "==2.18.4"
        },
        "requests-oauthlib": {
            "version": "==0.8.0"
        },
        "simplejson": {
            "version": "==3.6.3"
        },
        "six": {
            "version": "==1.10.0"
        },
        "sqlalchemy": {
            "version": "==1.1.14"
        },
        "urllib3": {
            "version": "==1.22"
        },
        "webassets": {
            "version": "==0.12.1"
        },
        "werkzeug": {
            "version": "==0.12.2"
        },
        "wtforms": {
            "version": "==2.1"
        }
    },
    "develop": {
        "backports.shutil-get-terminal-size": {
            "version": "==1.0.0"
        },
        "blinker": {
            "version": "==1.3"
        },
        "certifi": {
            "version": "==2017.7.27.1"
        },
        "chardet": {
            "version": "==3.0.4"
        },
        "click": {
            "version": "==6.7"
        },
        "first": {
            "version": "==2.0.1"
        },
        "flask": {
            "version": "==0.12.2"
        },
        "flask-testing": {
            "version": "==0.6.2"
        },
        "idna": {
            "version": "==2.6"
        },
        "itsdangerous": {
            "version": "==0.24"
        },
        "jinja2": {
            "version": "==2.9.6"
        },
        "markupsafe": {
            "version": "==1.0"
        },
        "nose": {
            "version": "==1.3.4"
        },
        "pathlib": {
            "version": "==1.0.1"
        },
        "pew": {
            "version": "==0.1.26"
        },
        "pip": {
            "version": "==9.0.1"
        },
        "pip-tools": {
            "version": "==1.9.0"
        },
        "pipenv": {
            "version": "==7.2.5"
        },
        "pythonz-bd": {
            "version": "==1.11.4"
        },
        "requests": {
            "version": "==2.18.4"
        },
        "semver": {
            "version": "==2.7.8"
        },
        "setuptools": {
            "version": "==36.5.0"
        },
        "shutilwhich": {
            "version": "==1.1.0"
        },
        "six": {
            "version": "==1.11.0"
        },
        "urllib3": {
            "version": "==1.22"
        },
        "virtualenv": {
            "version": "==15.1.0"
        },
        "virtualenv-clone": {
            "version": "==0.2.6"
        },
        "werkzeug": {
            "version": "==0.12.2"
        }
    }
}
